
Microsoft Visual Studio Solution File, Format Version 12.00
# Visual Studio Version 16
VisualStudioVersion = 16.0.30309.148
MinimumVisualStudioVersion = 10.0.40219.1
Project("{FAE04EC0-301F-11D3-BF4B-00C04F79EFBC}") = "StarCraft", "StarCraft\StarCraft.csproj", "{6F721958-D9B2-4E35-B898-5E6893976356}"
EndProject
Global
	GlobalSection(SolutionConfigurationPlatforms) = preSolution
		Debug|Any CPU = Debug|Any CPU
		Release|Any CPU = Release|Any CPU
	EndGlobalSection
	GlobalSection(ProjectConfigurationPlatforms) = postSolution
		{6F721958-D9B2-4E35-B898-5E6893976356}.Debug|Any CPU.ActiveCfg = Debug|Any CPU
		{6F721958-D9B2-4E35-B898-5E6893976356}.Debug|Any CPU.Build.0 = Debug|Any CPU
		{6F721958-D9B2-4E35-B898-5E6893976356}.Release|Any CPU.ActiveCfg = Release|Any CPU
		{6F721958-D9B2-4E35-B898-5E6893976356}.Release|Any CPU.Build.0 = Release|Any CPU
	EndGlobalSection
	GlobalSection(SolutionProperties) = preSolution
		HideSolutionNode = FALSE
	EndGlobalSection
	GlobalSection(ExtensibilityGlobals) = postSolution
		SolutionGuid = {2226C5E6-F6A5-4EDA-BD48-E7B8D46D035D}
	EndGlobalSection
EndGlobal
